%{"mime": {:hex, :mime, "1.0.0", "b63027733bba00b1013bad14e25dc8b6629ecb817731544a88a0fd14f2a55685", [:mix], []},
  "plug": {:hex, :plug, "1.2.0-rc.0", "08a3c6597103b7aa72f112a8d80eae7dea961bd082632e34778aee07800f70e8", [:mix], [{:cowboy, "~> 1.0", [hex: :cowboy, optional: true]}, {:mime, "~> 1.0", [hex: :mime, optional: false]}]},
  "poison": {:hex, :poison, "2.1.0", "f583218ced822675e484648fa26c933d621373f01c6c76bd00005d7bd4b82e27", [:mix], []}}
